
Microsoft Visual Studio Solution File, Format Version 12.00
# Visual Studio Version 16
VisualStudioVersion = 16.0.30011.22
MinimumVisualStudioVersion = 10.0.40219.1
Project("{FAE04EC0-301F-11D3-BF4B-00C04F79EFBC}") = "ProjetoAtleta", "ProjetoAtleta\ProjetoAtleta.csproj", "{BA63C497-EB48-4201-A41A-882835592ADB}"
EndProject
Global
	GlobalSection(SolutionConfigurationPlatforms) = preSolution
		Debug|Any CPU = Debug|Any CPU
		Release|Any CPU = Release|Any CPU
	EndGlobalSection
	GlobalSection(ProjectConfigurationPlatforms) = postSolution
		{BA63C497-EB48-4201-A41A-882835592ADB}.Debug|Any CPU.ActiveCfg = Debug|Any CPU
		{BA63C497-EB48-4201-A41A-882835592ADB}.Debug|Any CPU.Build.0 = Debug|Any CPU
		{BA63C497-EB48-4201-A41A-882835592ADB}.Release|Any CPU.ActiveCfg = Release|Any CPU
		{BA63C497-EB48-4201-A41A-882835592ADB}.Release|Any CPU.Build.0 = Release|Any CPU
	EndGlobalSection
	GlobalSection(SolutionProperties) = preSolution
		HideSolutionNode = FALSE
	EndGlobalSection
	GlobalSection(ExtensibilityGlobals) = postSolution
		SolutionGuid = {A26B7027-5BA2-454D-A2A0-3DF21D7DDF99}
	EndGlobalSection
EndGlobal
